// !$*UTF8*$!
{
	archiveVersion = 1;
	classes = {
	};
	objectVersion = 50;
	objects = {

/* Begin PBXBuildFile section */
		033D9EE223FC359900540AFE /* CelulaViagemView.swift in Sources */ = {isa = PBXBuildFile; fileRef = 033D9EE123FC359900540AFE /* CelulaViagemView.swift */; };
		03833C5123E8544B003DEF66 /* AppDelegate.swift in Sources */ = {isa = PBXBuildFile; fileRef = 03833C5023E8544B003DEF66 /* AppDelegate.swift */; };
		03833C5323E8544B003DEF66 /* SceneDelegate.swift in Sources */ = {isa = PBXBuildFile; fileRef = 03833C5223E8544B003DEF66 /* SceneDelegate.swift */; };
		03833C5523E8544B003DEF66 /* ContentView.swift in Sources */ = {isa = PBXBuildFile; fileRef = 03833C5423E8544B003DEF66 /* ContentView.swift */; };
		03833C5723E8544D003DEF66 /* Assets.xcassets in Resources */ = {isa = PBXBuildFile; fileRef = 03833C5623E8544D003DEF66 /* Assets.xcassets */; };
		03833C5A23E8544D003DEF66 /* Preview Assets.xcassets in Resources */ = {isa = PBXBuildFile; fileRef = 03833C5923E8544D003DEF66 /* Preview Assets.xcassets */; };
		03833C5D23E8544D003DEF66 /* LaunchScreen.storyboard in Resources */ = {isa = PBXBuildFile; fileRef = 03833C5B23E8544D003DEF66 /* LaunchScreen.storyboard */; };
		03D8059823F3957C00CC9E79 /* viagens.json in Resources */ = {isa = PBXBuildFile; fileRef = 03D8059723F3957C00CC9E79 /* viagens.json */; };
		03D8059C23F395FA00CC9E79 /* Dados.swift in Sources */ = {isa = PBXBuildFile; fileRef = 03D8059A23F395FA00CC9E79 /* Dados.swift */; };
		03D8059D23F395FA00CC9E79 /* Viagem.swift in Sources */ = {isa = PBXBuildFile; fileRef = 03D8059B23F395FA00CC9E79 /* Viagem.swift */; };
		03D805A323F3A56D00CC9E79 /* HeaderView.swift in Sources */ = {isa = PBXBuildFile; fileRef = 03D805A223F3A56D00CC9E79 /* HeaderView.swift */; };
/* End PBXBuildFile section */

/* Begin PBXFileReference section */
		033D9EE123FC359900540AFE /* CelulaViagemView.swift */ = {isa = PBXFileReference; lastKnownFileType = sourcecode.swift; path = CelulaViagemView.swift; sourceTree = "<group>"; };
		03833C4D23E8544B003DEF66 /* alura-viagens.app */ = {isa = PBXFileReference; explicitFileType = wrapper.application; includeInIndex = 0; path = "alura-viagens.app"; sourceTree = BUILT_PRODUCTS_DIR; };
		03833C5023E8544B003DEF66 /* AppDelegate.swift */ = {isa = PBXFileReference; lastKnownFileType = sourcecode.swift; path = AppDelegate.swift; sourceTree = "<group>"; };
		03833C5223E8544B003DEF66 /* SceneDelegate.swift */ = {isa = PBXFileReference; lastKnownFileType = sourcecode.swift; path = SceneDelegate.swift; sourceTree = "<group>"; };
		03833C5423E8544B003DEF66 /* ContentView.swift */ = {isa = PBXFileReference; lastKnownFileType = sourcecode.swift; path = ContentView.swift; sourceTree = "<group>"; };
		03833C5623E8544D003DEF66 /* Assets.xcassets */ = {isa = PBXFileReference; lastKnownFileType = folder.assetcatalog; path = Assets.xcassets; sourceTree = "<group>"; };
		03833C5923E8544D003DEF66 /* Preview Assets.xcassets */ = {isa = PBXFileReference; lastKnownFileType = folder.assetcatalog; path = "Preview Assets.xcassets"; sourceTree = "<group>"; };
		03833C5C23E8544D003DEF66 /* Base */ = {isa = PBXFileReference; lastKnownFileType = file.storyboard; name = Base; path = Base.lproj/LaunchScreen.storyboard; sourceTree = "<group>"; };
		03833C5E23E8544D003DEF66 /* Info.plist */ = {isa = PBXFileReference; lastKnownFileType = text.plist.xml; path = Info.plist; sourceTree = "<group>"; };
		03D8059723F3957C00CC9E79 /* viagens.json */ = {isa = PBXFileReference; fileEncoding = 4; lastKnownFileType = text.json; name = viagens.json; path = Resources/viagens.json; sourceTree = "<group>"; };
		03D8059A23F395FA00CC9E79 /* Dados.swift */ = {isa = PBXFileReference; fileEncoding = 4; lastKnownFileType = sourcecode.swift; path = Dados.swift; sourceTree = "<group>"; };
		03D8059B23F395FA00CC9E79 /* Viagem.swift */ = {isa = PBXFileReference; fileEncoding = 4; lastKnownFileType = sourcecode.swift; path = Viagem.swift; sourceTree = "<group>"; };
		03D805A223F3A56D00CC9E79 /* HeaderView.swift */ = {isa = PBXFileReference; lastKnownFileType = sourcecode.swift; path = HeaderView.swift; sourceTree = "<group>"; };
/* End PBXFileReference section */

/* Begin PBXFrameworksBuildPhase section */
		03833C4A23E8544B003DEF66 /* Frameworks */ = {
			isa = PBXFrameworksBuildPhase;
			buildActionMask = 2147483647;
			files = (
			);
			runOnlyForDeploymentPostprocessing = 0;
		};
/* End PBXFrameworksBuildPhase section */

/* Begin PBXGroup section */
		03833C4423E8544B003DEF66 = {
			isa = PBXGroup;
			children = (
				03833C4F23E8544B003DEF66 /* alura-viagens */,
				03833C4E23E8544B003DEF66 /* Products */,
			);
			sourceTree = "<group>";
		};
		03833C4E23E8544B003DEF66 /* Products */ = {
			isa = PBXGroup;
			children = (
				03833C4D23E8544B003DEF66 /* alura-viagens.app */,
			);
			name = Products;
			sourceTree = "<group>";
		};
		03833C4F23E8544B003DEF66 /* alura-viagens */ = {
			isa = PBXGroup;
			children = (
				03833C5023E8544B003DEF66 /* AppDelegate.swift */,
				03833C5223E8544B003DEF66 /* SceneDelegate.swift */,
				03D8059923F395FA00CC9E79 /* Models */,
				03D805A123F3A53700CC9E79 /* Views */,
				03833C5623E8544D003DEF66 /* Assets.xcassets */,
				03D8059723F3957C00CC9E79 /* viagens.json */,
				03833C5B23E8544D003DEF66 /* LaunchScreen.storyboard */,
				03833C5E23E8544D003DEF66 /* Info.plist */,
				03833C5823E8544D003DEF66 /* Preview Content */,
			);
			path = "alura-viagens";
			sourceTree = "<group>";
		};
		03833C5823E8544D003DEF66 /* Preview Content */ = {
			isa = PBXGroup;
			children = (
				03833C5923E8544D003DEF66 /* Preview Assets.xcassets */,
			);
			path = "Preview Content";
			sourceTree = "<group>";
		};
		03D8059923F395FA00CC9E79 /* Models */ = {
			isa = PBXGroup;
			children = (
				03D8059A23F395FA00CC9E79 /* Dados.swift */,
				03D8059B23F395FA00CC9E79 /* Viagem.swift */,
			);
			path = Models;
			sourceTree = "<group>";
		};
		03D805A123F3A53700CC9E79 /* Views */ = {
			isa = PBXGroup;
			children = (
				03833C5423E8544B003DEF66 /* ContentView.swift */,
				03D805A223F3A56D00CC9E79 /* HeaderView.swift */,
				033D9EE123FC359900540AFE /* CelulaViagemView.swift */,
			);
			path = Views;
			sourceTree = "<group>";
		};
/* End PBXGroup section */

/* Begin PBXNativeTarget section */
		03833C4C23E8544B003DEF66 /* alura-viagens */ = {
			isa = PBXNativeTarget;
			buildConfigurationList = 03833C6123E8544D003DEF66 /* Build configuration list for PBXNativeTarget "alura-viagens" */;
			buildPhases = (
				03833C4923E8544B003DEF66 /* Sources */,
				03833C4A23E8544B003DEF66 /* Frameworks */,
				03833C4B23E8544B003DEF66 /* Resources */,
			);
			buildRules = (
			);
			dependencies = (
			);
			name = "alura-viagens";
			productName = "alura-viagens";
			productReference = 03833C4D23E8544B003DEF66 /* alura-viagens.app */;
			productType = "com.apple.product-type.application";
		};
/* End PBXNativeTarget section */

/* Begin PBXProject section */
		03833C4523E8544B003DEF66 /* Project object */ = {
			isa = PBXProject;
			attributes = {
				LastSwiftUpdateCheck = 1130;
				LastUpgradeCheck = 1130;
				ORGANIZATIONNAME = "Ândriu Felipe Coelho";
				TargetAttributes = {
					03833C4C23E8544B003DEF66 = {
						CreatedOnToolsVersion = 11.3;
					};
				};
			};
			buildConfigurationList = 03833C4823E8544B003DEF66 /* Build configuration list for PBXProject "alura-viagens" */;
			compatibilityVersion = "Xcode 9.3";
			developmentRegion = en;
			hasScannedForEncodings = 0;
			knownRegions = (
				en,
				Base,
			);
			mainGroup = 03833C4423E8544B003DEF66;
			productRefGroup = 03833C4E23E8544B003DEF66 /* Products */;
			projectDirPath = "";
			projectRoot = "";
			targets = (
				03833C4C23E8544B003DEF66 /* alura-viagens */,
			);
		};
/* End PBXProject section */

/* Begin PBXResourcesBuildPhase section */
		03833C4B23E8544B003DEF66 /* Resources */ = {
			isa = PBXResourcesBuildPhase;
			buildActionMask = 2147483647;
			files = (
				03833C5D23E8544D003DEF66 /* LaunchScreen.storyboard in Resources */,
				03D8059823F3957C00CC9E79 /* viagens.json in Resources */,
				03833C5A23E8544D003DEF66 /* Preview Assets.xcassets in Resources */,
				03833C5723E8544D003DEF66 /* Assets.xcassets in Resources */,
			);
			runOnlyForDeploymentPostprocessing = 0;
		};
/* End PBXResourcesBuildPhase section */

/* Begin PBXSourcesBuildPhase section */
		03833C4923E8544B003DEF66 /* Sources */ = {
			isa = PBXSourcesBuildPhase;
			buildActionMask = 2147483647;
			files = (
				03833C5123E8544B003DEF66 /* AppDelegate.swift in Sources */,
				03D805A323F3A56D00CC9E79 /* HeaderView.swift in Sources */,
				03D8059C23F395FA00CC9E79 /* Dados.swift in Sources */,
				033D9EE223FC359900540AFE /* CelulaViagemView.swift in Sources */,
				03833C5323E8544B003DEF66 /* SceneDelegate.swift in Sources */,
				03833C5523E8544B003DEF66 /* ContentView.swift in Sources */,
				03D8059D23F395FA00CC9E79 /* Viagem.swift in Sources */,
			);
			runOnlyForDeploymentPostprocessing = 0;
		};
/* End PBXSourcesBuildPhase section */

/* Begin PBXVariantGroup section */
		03833C5B23E8544D003DEF66 /* LaunchScreen.storyboard */ = {
			isa = PBXVariantGroup;
			children = (
				03833C5C23E8544D003DEF66 /* Base */,
			);
			name = LaunchScreen.storyboard;
			sourceTree = "<group>";
		};
/* End PBXVariantGroup section */

/* Begin XCBuildConfiguration section */
		03833C5F23E8544D003DEF66 /* Debug */ = {
			isa = XCBuildConfiguration;
			buildSettings = {
				ALWAYS_SEARCH_USER_PATHS = NO;
				CLANG_ANALYZER_NONNULL = YES;
				CLANG_ANALYZER_NUMBER_OBJECT_CONVERSION = YES_AGGRESSIVE;
				CLANG_CXX_LANGUAGE_STANDARD = "gnu++14";
				CLANG_CXX_LIBRARY = "libc++";
				CLANG_ENABLE_MODULES = YES;
				CLANG_ENABLE_OBJC_ARC = YES;
				CLANG_ENABLE_OBJC_WEAK = YES;
				CLANG_WARN_BLOCK_CAPTURE_AUTORELEASING = YES;
				CLANG_WARN_BOOL_CONVERSION = YES;
				CLANG_WARN_COMMA = YES;
				CLANG_WARN_CONSTANT_CONVERSION = YES;
				CLANG_WARN_DEPRECATED_OBJC_IMPLEMENTATIONS = YES;
				CLANG_WARN_DIRECT_OBJC_ISA_USAGE = YES_ERROR;
				CLANG_WARN_DOCUMENTATION_COMMENTS = YES;
				CLANG_WARN_EMPTY_BODY = YES;
				CLANG_WARN_ENUM_CONVERSION = YES;
				CLANG_WARN_INFINITE_RECURSION = YES;
				CLANG_WARN_INT_CONVERSION = YES;
				CLANG_WARN_NON_LITERAL_NULL_CONVERSION = YES;
				CLANG_WARN_OBJC_IMPLICIT_RETAIN_SELF = YES;
				CLANG_WARN_OBJC_LITERAL_CONVERSION = YES;
				CLANG_WARN_OBJC_ROOT_CLASS = YES_ERROR;
				CLANG_WARN_RANGE_LOOP_ANALYSIS = YES;
				CLANG_WARN_STRICT_PROTOTYPES = YES;
				CLANG_WARN_SUSPICIOUS_MOVE = YES;
				CLANG_WARN_UNGUARDED_AVAILABILITY = YES_AGGRESSIVE;
				CLANG_WARN_UNREACHABLE_CODE = YES;
				CLANG_WARN__DUPLICATE_METHOD_MATCH = YES;
				COPY_PHASE_STRIP = NO;
				DEBUG_INFORMATION_FORMAT = dwarf;
				ENABLE_STRICT_OBJC_MSGSEND = YES;
				ENABLE_TESTABILITY = YES;
				GCC_C_LANGUAGE_STANDARD = gnu11;
				GCC_DYNAMIC_NO_PIC = NO;
				GCC_NO_COMMON_BLOCKS = YES;
				GCC_OPTIMIZATION_LEVEL = 0;
				GCC_PREPROCESSOR_DEFINITIONS = (
					"DEBUG=1",
					"$(inherited)",
				);
				GCC_WARN_64_TO_32_BIT_CONVERSION = YES;
				GCC_WARN_ABOUT_RETURN_TYPE = YES_ERROR;
				GCC_WARN_UNDECLARED_SELECTOR = YES;
				GCC_WARN_UNINITIALIZED_AUTOS = YES_AGGRESSIVE;
				GCC_WARN_UNUSED_FUNCTION = YES;
				GCC_WARN_UNUSED_VARIABLE = YES;
				IPHONEOS_DEPLOYMENT_TARGET = 13.2;
				MTL_ENABLE_DEBUG_INFO = INCLUDE_SOURCE;
				MTL_FAST_MATH = YES;
				ONLY_ACTIVE_ARCH = YES;
				SDKROOT = iphoneos;
				SWIFT_ACTIVE_COMPILATION_CONDITIONS = DEBUG;
				SWIFT_OPTIMIZATION_LEVEL = "-Onone";
			};
			name = Debug;
		};
		03833C6023E8544D003DEF66 /* Release */ = {
			isa = XCBuildConfiguration;
			buildSettings = {
				ALWAYS_SEARCH_USER_PATHS = NO;
				CLANG_ANALYZER_NONNULL = YES;
				CLANG_ANALYZER_NUMBER_OBJECT_CONVERSION = YES_AGGRESSIVE;
				CLANG_CXX_LANGUAGE_STANDARD = "gnu++14";
				CLANG_CXX_LIBRARY = "libc++";
				CLANG_ENABLE_MODULES = YES;
				CLANG_ENABLE_OBJC_ARC = YES;
				CLANG_ENABLE_OBJC_WEAK = YES;
				CLANG_WARN_BLOCK_CAPTURE_AUTORELEASING = YES;
				CLANG_WARN_BOOL_CONVERSION = YES;
				CLANG_WARN_COMMA = YES;
				CLANG_WARN_CONSTANT_CONVERSION = YES;
				CLANG_WARN_DEPRECATED_OBJC_IMPLEMENTATIONS = YES;
				CLANG_WARN_DIRECT_OBJC_ISA_USAGE = YES_ERROR;
				CLANG_WARN_DOCUMENTATION_COMMENTS = YES;
				CLANG_WARN_EMPTY_BODY = YES;
				CLANG_WARN_ENUM_CONVERSION = YES;
				CLANG_WARN_INFINITE_RECURSION = YES;
				CLANG_WARN_INT_CONVERSION = YES;
				CLANG_WARN_NON_LITERAL_NULL_CONVERSION = YES;
				CLANG_WARN_OBJC_IMPLICIT_RETAIN_SELF = YES;
				CLANG_WARN_OBJC_LITERAL_CONVERSION = YES;
				CLANG_WARN_OBJC_ROOT_CLASS = YES_ERROR;
				CLANG_WARN_RANGE_LOOP_ANALYSIS = YES;
				CLANG_WARN_STRICT_PROTOTYPES = YES;
				CLANG_WARN_SUSPICIOUS_MOVE = YES;
				CLANG_WARN_UNGUARDED_AVAILABILITY = YES_AGGRESSIVE;
				CLANG_WARN_UNREACHABLE_CODE = YES;
				CLANG_WARN__DUPLICATE_METHOD_MATCH = YES;
				COPY_PHASE_STRIP = NO;
				DEBUG_INFORMATION_FORMAT = "dwarf-with-dsym";
				ENABLE_NS_ASSERTIONS = NO;
				ENABLE_STRICT_OBJC_MSGSEND = YES;
				GCC_C_LANGUAGE_STANDARD = gnu11;
				GCC_NO_COMMON_BLOCKS = YES;
				GCC_WARN_64_TO_32_BIT_CONVERSION = YES;
				GCC_WARN_ABOUT_RETURN_TYPE = YES_ERROR;
				GCC_WARN_UNDECLARED_SELECTOR = YES;
				GCC_WARN_UNINITIALIZED_AUTOS = YES_AGGRESSIVE;
				GCC_WARN_UNUSED_FUNCTION = YES;
				GCC_WARN_UNUSED_VARIABLE = YES;
				IPHONEOS_DEPLOYMENT_TARGET = 13.2;
				MTL_ENABLE_DEBUG_INFO = NO;
				MTL_FAST_MATH = YES;
				SDKROOT = iphoneos;
				SWIFT_COMPILATION_MODE = wholemodule;
				SWIFT_OPTIMIZATION_LEVEL = "-O";
				VALIDATE_PRODUCT = YES;
			};
			name = Release;
		};
		03833C6223E8544D003DEF66 /* Debug */ = {
			isa = XCBuildConfiguration;
			buildSettings = {
				ASSETCATALOG_COMPILER_APPICON_NAME = AppIcon;
				CODE_SIGN_STYLE = Automatic;
				DEVELOPMENT_ASSET_PATHS = "\"alura-viagens/Preview Content\"";
				ENABLE_PREVIEWS = YES;
				INFOPLIST_FILE = "alura-viagens/Info.plist";
				IPHONEOS_DEPLOYMENT_TARGET = 13.2;
				LD_RUNPATH_SEARCH_PATHS = (
					"$(inherited)",
					"@executable_path/Frameworks",
				);
				PRODUCT_BUNDLE_IDENTIFIER = "alura.alura-viagens";
				PRODUCT_NAME = "$(TARGET_NAME)";
				SWIFT_VERSION = 5.0;
				TARGETED_DEVICE_FAMILY = "1,2";
			};
			name = Debug;
		};
		03833C6323E8544D003DEF66 /* Release */ = {
			isa = XCBuildConfiguration;
			buildSettings = {
				ASSETCATALOG_COMPILER_APPICON_NAME = AppIcon;
				CODE_SIGN_STYLE = Automatic;
				DEVELOPMENT_ASSET_PATHS = "\"alura-viagens/Preview Content\"";
				ENABLE_PREVIEWS = YES;
				INFOPLIST_FILE = "alura-viagens/Info.plist";
				IPHONEOS_DEPLOYMENT_TARGET = 13.2;
				LD_RUNPATH_SEARCH_PATHS = (
					"$(inherited)",
					"@executable_path/Frameworks",
				);
				PRODUCT_BUNDLE_IDENTIFIER = "alura.alura-viagens";
				PRODUCT_NAME = "$(TARGET_NAME)";
				SWIFT_VERSION = 5.0;
				TARGETED_DEVICE_FAMILY = "1,2";
			};
			name = Release;
		};
/* End XCBuildConfiguration section */

/* Begin XCConfigurationList section */
		03833C4823E8544B003DEF66 /* Build configuration list for PBXProject "alura-viagens" */ = {
			isa = XCConfigurationList;
			buildConfigurations = (
				03833C5F23E8544D003DEF66 /* Debug */,
				03833C6023E8544D003DEF66 /* Release */,
			);
			defaultConfigurationIsVisible = 0;
			defaultConfigurationName = Release;
		};
		03833C6123E8544D003DEF66 /* Build configuration list for PBXNativeTarget "alura-viagens" */ = {
			isa = XCConfigurationList;
			buildConfigurations = (
				03833C6223E8544D003DEF66 /* Debug */,
				03833C6323E8544D003DEF66 /* Release */,
			);
			defaultConfigurationIsVisible = 0;
			defaultConfigurationName = Release;
		};
/* End XCConfigurationList section */
	};
	rootObject = 03833C4523E8544B003DEF66 /* Project object */;
}
